
Microsoft Visual Studio Solution File, Format Version 12.00
# Visual Studio Version 17
VisualStudioVersion = 17.12.35527.113
MinimumVisualStudioVersion = 10.0.40219.1
Project("{FAE04EC0-301F-11D3-BF4B-00C04F79EFBC}") = "FirstProject", "FirstProject\FirstProject.csproj", "{0D0E113D-14D0-4AE2-8507-C609338C3A63}"
EndProject
Project("{FAE04EC0-301F-11D3-BF4B-00C04F79EFBC}") = "PartyInvites", "PartyInvites\PartyInvites.csproj", "{C3C32434-AEA0-4375-93CF-AFBCD0395E63}"
EndProject
Project("{2150E333-8FDC-42A3-9474-1A3956D46DE8}") = "SportsStore", "SportsStore", "{3FB0BAE3-F305-4F80-839B-49B5F14D1B39}"
EndProject
Project("{FAE04EC0-301F-11D3-BF4B-00C04F79EFBC}") = "SportsStore", "SportsStore\SportsStore.csproj", "{BDB469B7-5AC7-4B24-A3F5-722E1C8B2A43}"
EndProject
Project("{FAE04EC0-301F-11D3-BF4B-00C04F79EFBC}") = "SportsStore.Tests", "SportsStore.Tests\SportsStore.Tests.csproj", "{CC5D5476-E1B0-4729-BB00-C4126B4E3BE0}"
EndProject
Project("{2150E333-8FDC-42A3-9474-1A3956D46DE8}") = "Platform", "Platform", "{02EA681E-C7D8-13C7-8484-4AC65E1B71E8}"
EndProject
Project("{FAE04EC0-301F-11D3-BF4B-00C04F79EFBC}") = "Platform", "Platform\Platform.csproj", "{8165EF9A-D288-48EF-95CC-9CDC8626B4E1}"
EndProject
Project("{2150E333-8FDC-42A3-9474-1A3956D46DE8}") = "WebApp", "WebApp", "{615EBFC9-BB1D-4D3C-8FF2-1238774306BA}"
EndProject
Project("{FAE04EC0-301F-11D3-BF4B-00C04F79EFBC}") = "WebApp", "WebApp\WebApp.csproj", "{3215F6CF-A442-1C21-6AD3-94ED23F4EBA5}"
EndProject
Project("{2150E333-8FDC-42A3-9474-1A3956D46DE8}") = "Advanced", "Advanced", "{1076B405-7AEB-4258-8B3D-5705552B24FA}"
EndProject
Project("{FAE04EC0-301F-11D3-BF4B-00C04F79EFBC}") = "Advanced", "Advanced\Advanced.csproj", "{66653D1E-862C-8DE4-CD5A-C1923D9EA3E6}"
EndProject
Global
	GlobalSection(SolutionConfigurationPlatforms) = preSolution
		Debug|Any CPU = Debug|Any CPU
		Release|Any CPU = Release|Any CPU
	EndGlobalSection
	GlobalSection(ProjectConfigurationPlatforms) = postSolution
		{0D0E113D-14D0-4AE2-8507-C609338C3A63}.Debug|Any CPU.ActiveCfg = Debug|Any CPU
		{0D0E113D-14D0-4AE2-8507-C609338C3A63}.Debug|Any CPU.Build.0 = Debug|Any CPU
		{0D0E113D-14D0-4AE2-8507-C609338C3A63}.Release|Any CPU.ActiveCfg = Release|Any CPU
		{0D0E113D-14D0-4AE2-8507-C609338C3A63}.Release|Any CPU.Build.0 = Release|Any CPU
		{C3C32434-AEA0-4375-93CF-AFBCD0395E63}.Debug|Any CPU.ActiveCfg = Debug|Any CPU
		{C3C32434-AEA0-4375-93CF-AFBCD0395E63}.Debug|Any CPU.Build.0 = Debug|Any CPU
		{C3C32434-AEA0-4375-93CF-AFBCD0395E63}.Release|Any CPU.ActiveCfg = Release|Any CPU
		{C3C32434-AEA0-4375-93CF-AFBCD0395E63}.Release|Any CPU.Build.0 = Release|Any CPU
		{BDB469B7-5AC7-4B24-A3F5-722E1C8B2A43}.Debug|Any CPU.ActiveCfg = Debug|Any CPU
		{BDB469B7-5AC7-4B24-A3F5-722E1C8B2A43}.Debug|Any CPU.Build.0 = Debug|Any CPU
		{BDB469B7-5AC7-4B24-A3F5-722E1C8B2A43}.Release|Any CPU.ActiveCfg = Release|Any CPU
		{BDB469B7-5AC7-4B24-A3F5-722E1C8B2A43}.Release|Any CPU.Build.0 = Release|Any CPU
		{CC5D5476-E1B0-4729-BB00-C4126B4E3BE0}.Debug|Any CPU.ActiveCfg = Debug|Any CPU
		{CC5D5476-E1B0-4729-BB00-C4126B4E3BE0}.Debug|Any CPU.Build.0 = Debug|Any CPU
		{CC5D5476-E1B0-4729-BB00-C4126B4E3BE0}.Release|Any CPU.ActiveCfg = Release|Any CPU
		{CC5D5476-E1B0-4729-BB00-C4126B4E3BE0}.Release|Any CPU.Build.0 = Release|Any CPU
		{8165EF9A-D288-48EF-95CC-9CDC8626B4E1}.Debug|Any CPU.ActiveCfg = Debug|Any CPU
		{8165EF9A-D288-48EF-95CC-9CDC8626B4E1}.Debug|Any CPU.Build.0 = Debug|Any CPU
		{8165EF9A-D288-48EF-95CC-9CDC8626B4E1}.Release|Any CPU.ActiveCfg = Release|Any CPU
		{8165EF9A-D288-48EF-95CC-9CDC8626B4E1}.Release|Any CPU.Build.0 = Release|Any CPU
		{3215F6CF-A442-1C21-6AD3-94ED23F4EBA5}.Debug|Any CPU.ActiveCfg = Debug|Any CPU
		{3215F6CF-A442-1C21-6AD3-94ED23F4EBA5}.Debug|Any CPU.Build.0 = Debug|Any CPU
		{3215F6CF-A442-1C21-6AD3-94ED23F4EBA5}.Release|Any CPU.ActiveCfg = Release|Any CPU
		{3215F6CF-A442-1C21-6AD3-94ED23F4EBA5}.Release|Any CPU.Build.0 = Release|Any CPU
		{66653D1E-862C-8DE4-CD5A-C1923D9EA3E6}.Debug|Any CPU.ActiveCfg = Debug|Any CPU
		{66653D1E-862C-8DE4-CD5A-C1923D9EA3E6}.Debug|Any CPU.Build.0 = Debug|Any CPU
		{66653D1E-862C-8DE4-CD5A-C1923D9EA3E6}.Release|Any CPU.ActiveCfg = Release|Any CPU
		{66653D1E-862C-8DE4-CD5A-C1923D9EA3E6}.Release|Any CPU.Build.0 = Release|Any CPU
	EndGlobalSection
	GlobalSection(SolutionProperties) = preSolution
		HideSolutionNode = FALSE
	EndGlobalSection
	GlobalSection(NestedProjects) = preSolution
		{BDB469B7-5AC7-4B24-A3F5-722E1C8B2A43} = {3FB0BAE3-F305-4F80-839B-49B5F14D1B39}
		{CC5D5476-E1B0-4729-BB00-C4126B4E3BE0} = {3FB0BAE3-F305-4F80-839B-49B5F14D1B39}
		{8165EF9A-D288-48EF-95CC-9CDC8626B4E1} = {02EA681E-C7D8-13C7-8484-4AC65E1B71E8}
		{3215F6CF-A442-1C21-6AD3-94ED23F4EBA5} = {615EBFC9-BB1D-4D3C-8FF2-1238774306BA}
		{66653D1E-862C-8DE4-CD5A-C1923D9EA3E6} = {1076B405-7AEB-4258-8B3D-5705552B24FA}
	EndGlobalSection
	GlobalSection(ExtensibilityGlobals) = postSolution
		SolutionGuid = {E1353A52-DCEB-4079-A555-BD86FE882A53}
	EndGlobalSection
EndGlobal
